
Microsoft Visual Studio Solution File, Format Version 12.00
# Visual Studio Version 16
VisualStudioVersion = 16.0.31129.286
MinimumVisualStudioVersion = 10.0.40219.1
Project("{FAE04EC0-301F-11D3-BF4B-00C04F79EFBC}") = "E_Esecurity", "E_Esecurity.csproj", "{173667A7-0EB0-4901-BC0C-6DB1563D3EE2}"
EndProject
Global
	GlobalSection(SolutionConfigurationPlatforms) = preSolution
		Debug|Any CPU = Debug|Any CPU
		Release|Any CPU = Release|Any CPU
	EndGlobalSection
	GlobalSection(ProjectConfigurationPlatforms) = postSolution
		{173667A7-0EB0-4901-BC0C-6DB1563D3EE2}.Debug|Any CPU.ActiveCfg = Debug|Any CPU
		{173667A7-0EB0-4901-BC0C-6DB1563D3EE2}.Debug|Any CPU.Build.0 = Debug|Any CPU
		{173667A7-0EB0-4901-BC0C-6DB1563D3EE2}.Release|Any CPU.ActiveCfg = Release|Any CPU
		{173667A7-0EB0-4901-BC0C-6DB1563D3EE2}.Release|Any CPU.Build.0 = Release|Any CPU
	EndGlobalSection
	GlobalSection(SolutionProperties) = preSolution
		HideSolutionNode = FALSE
	EndGlobalSection
	GlobalSection(ExtensibilityGlobals) = postSolution
		SolutionGuid = {3BC9FFA2-15FA-4CEB-AFF8-6BA4F508ADD2}
	EndGlobalSection
EndGlobal
